
Microsoft Visual Studio Solution File, Format Version 12.00
# Visual Studio Version 16
VisualStudioVersion = 16.0.31025.194
MinimumVisualStudioVersion = 10.0.40219.1
Project("{FAE04EC0-301F-11D3-BF4B-00C04F79EFBC}") = "MvcFormsAuthentication", "MvcFormsAuthentication\MvcFormsAuthentication.csproj", "{7E71836E-A103-4C62-990C-EA0059ACE295}"
EndProject
Global
	GlobalSection(SolutionConfigurationPlatforms) = preSolution
		Debug|Any CPU = Debug|Any CPU
		Release|Any CPU = Release|Any CPU
	EndGlobalSection
	GlobalSection(ProjectConfigurationPlatforms) = postSolution
		{7E71836E-A103-4C62-990C-EA0059ACE295}.Debug|Any CPU.ActiveCfg = Debug|Any CPU
		{7E71836E-A103-4C62-990C-EA0059ACE295}.Debug|Any CPU.Build.0 = Debug|Any CPU
		{7E71836E-A103-4C62-990C-EA0059ACE295}.Release|Any CPU.ActiveCfg = Release|Any CPU
		{7E71836E-A103-4C62-990C-EA0059ACE295}.Release|Any CPU.Build.0 = Release|Any CPU
	EndGlobalSection
	GlobalSection(SolutionProperties) = preSolution
		HideSolutionNode = FALSE
	EndGlobalSection
	GlobalSection(ExtensibilityGlobals) = postSolution
		SolutionGuid = {DE47D9CE-F6CC-491D-86A1-D21D8604BB4F}
	EndGlobalSection
EndGlobal
